// !$*UTF8*$!
{
	archiveVersion = 1;
	classes = {
	};
	objectVersion = 46;
	objects = {

/* Begin PBXBuildFile section */
		4615CE3A1C0FC145005A4290 /* EnemyMoveSwarm.swift in Sources */ = {isa = PBXBuildFile; fileRef = 4615CE391C0FC145005A4290 /* EnemyMoveSwarm.swift */; };
		4615CE3B1C0FC145005A4290 /* EnemyMoveSwarm.swift in Sources */ = {isa = PBXBuildFile; fileRef = 4615CE391C0FC145005A4290 /* EnemyMoveSwarm.swift */; };
		4615CE431C113103005A4290 /* EndGameController.swift in Sources */ = {isa = PBXBuildFile; fileRef = 4615CE421C113103005A4290 /* EndGameController.swift */; };
		4615CE441C113103005A4290 /* EndGameController.swift in Sources */ = {isa = PBXBuildFile; fileRef = 4615CE421C113103005A4290 /* EndGameController.swift */; };
		46237E821C1A751200E0B774 /* EnemyMoveKamikaze.swift in Sources */ = {isa = PBXBuildFile; fileRef = 46237E811C1A751200E0B774 /* EnemyMoveKamikaze.swift */; };
		46237E831C1A751200E0B774 /* EnemyMoveKamikaze.swift in Sources */ = {isa = PBXBuildFile; fileRef = 46237E811C1A751200E0B774 /* EnemyMoveKamikaze.swift */; };
		7513D85F1CA322120025A96D /* TowerAttackSideScroll.swift in Sources */ = {isa = PBXBuildFile; fileRef = 7513D85E1CA322120025A96D /* TowerAttackSideScroll.swift */; };
		7513D8601CA324FD0025A96D /* TowerAttackSideScroll.swift in Sources */ = {isa = PBXBuildFile; fileRef = 7513D85E1CA322120025A96D /* TowerAttackSideScroll.swift */; };
		7513D8621CA56BF90025A96D /* EnemySS2MoveStrat.swift in Sources */ = {isa = PBXBuildFile; fileRef = 7513D8611CA56BF90025A96D /* EnemySS2MoveStrat.swift */; };
		7513D8631CA56BF90025A96D /* EnemySS2MoveStrat.swift in Sources */ = {isa = PBXBuildFile; fileRef = 7513D8611CA56BF90025A96D /* EnemySS2MoveStrat.swift */; };
		75148D7B1CB2C2C8003087A9 /* EnemySS3MoveStrat.swift in Sources */ = {isa = PBXBuildFile; fileRef = 75148D7A1CB2C2C8003087A9 /* EnemySS3MoveStrat.swift */; };
		75148D7C1CB2C2C8003087A9 /* EnemySS3MoveStrat.swift in Sources */ = {isa = PBXBuildFile; fileRef = 75148D7A1CB2C2C8003087A9 /* EnemySS3MoveStrat.swift */; };
		75148D801CBAA6F3003087A9 /* Shield.sks in Resources */ = {isa = PBXBuildFile; fileRef = 75148D7F1CBAA6F3003087A9 /* Shield.sks */; };
		75148D811CBAA6F3003087A9 /* Shield.sks in Resources */ = {isa = PBXBuildFile; fileRef = 75148D7F1CBAA6F3003087A9 /* Shield.sks */; };
		75148D831CBAC6AC003087A9 /* EnemyMoveSSBoss.swift in Sources */ = {isa = PBXBuildFile; fileRef = 75148D821CBAC6AC003087A9 /* EnemyMoveSSBoss.swift */; };
		75148D841CBAC6AC003087A9 /* EnemyMoveSSBoss.swift in Sources */ = {isa = PBXBuildFile; fileRef = 75148D821CBAC6AC003087A9 /* EnemyMoveSSBoss.swift */; };
		75148D861CBAE4DB003087A9 /* EnemyMoveSSSwarm.swift in Sources */ = {isa = PBXBuildFile; fileRef = 75148D851CBAE4DB003087A9 /* EnemyMoveSSSwarm.swift */; };
		75148D871CBAE4DB003087A9 /* EnemyMoveSSSwarm.swift in Sources */ = {isa = PBXBuildFile; fileRef = 75148D851CBAE4DB003087A9 /* EnemyMoveSSSwarm.swift */; };
		75148D891CBAEB29003087A9 /* TowerDefenseSideScroll.swift in Sources */ = {isa = PBXBuildFile; fileRef = 75148D881CBAEB29003087A9 /* TowerDefenseSideScroll.swift */; };
		75148D8A1CBAEB29003087A9 /* TowerDefenseSideScroll.swift in Sources */ = {isa = PBXBuildFile; fileRef = 75148D881CBAEB29003087A9 /* TowerDefenseSideScroll.swift */; };
		75148D8C1CBE9280003087A9 /* BenchUITests.swift in Sources */ = {isa = PBXBuildFile; fileRef = 75148D8B1CBE9280003087A9 /* BenchUITests.swift */; };
		75D9914F1C80EAED008F2A70 /* SideScrollScene.sks in Resources */ = {isa = PBXBuildFile; fileRef = 75D9914E1C80EAED008F2A70 /* SideScrollScene.sks */; };
		75D991501C80EAED008F2A70 /* SideScrollScene.sks in Resources */ = {isa = PBXBuildFile; fileRef = 75D9914E1C80EAED008F2A70 /* SideScrollScene.sks */; };
		75D991521C8249BB008F2A70 /* EnemyAttackObstacle.swift in Sources */ = {isa = PBXBuildFile; fileRef = 75D991511C8249BB008F2A70 /* EnemyAttackObstacle.swift */; };
		75D991531C8249BB008F2A70 /* EnemyAttackObstacle.swift in Sources */ = {isa = PBXBuildFile; fileRef = 75D991511C8249BB008F2A70 /* EnemyAttackObstacle.swift */; };
		75D991551C8249DC008F2A70 /* EnemyMoveObstacle.swift in Sources */ = {isa = PBXBuildFile; fileRef = 75D991541C8249DC008F2A70 /* EnemyMoveObstacle.swift */; };
		75D991561C8249DC008F2A70 /* EnemyMoveObstacle.swift in Sources */ = {isa = PBXBuildFile; fileRef = 75D991541C8249DC008F2A70 /* EnemyMoveObstacle.swift */; };
		75D991581C8CF5D3008F2A70 /* EnemySSMoveStrat.swift in Sources */ = {isa = PBXBuildFile; fileRef = 75D991571C8CF5D3008F2A70 /* EnemySSMoveStrat.swift */; };
		75D991591C8CF5D3008F2A70 /* EnemySSMoveStrat.swift in Sources */ = {isa = PBXBuildFile; fileRef = 75D991571C8CF5D3008F2A70 /* EnemySSMoveStrat.swift */; };
		75D9915B1C8CF5EC008F2A70 /* EnemySSAttackStrat.swift in Sources */ = {isa = PBXBuildFile; fileRef = 75D9915A1C8CF5EC008F2A70 /* EnemySSAttackStrat.swift */; };
		75D9915C1C8CF5EC008F2A70 /* EnemySSAttackStrat.swift in Sources */ = {isa = PBXBuildFile; fileRef = 75D9915A1C8CF5EC008F2A70 /* EnemySSAttackStrat.swift */; };
		75D9915F1C9221BE008F2A70 /* StarsBG.sks in Resources */ = {isa = PBXBuildFile; fileRef = 75D9915D1C9221BE008F2A70 /* StarsBG.sks */; };
		75D991601C9221BE008F2A70 /* StarsBG.sks in Resources */ = {isa = PBXBuildFile; fileRef = 75D9915D1C9221BE008F2A70 /* StarsBG.sks */; };
		75D991611C9221BE008F2A70 /* spark.png in Resources */ = {isa = PBXBuildFile; fileRef = 75D9915E1C9221BE008F2A70 /* spark.png */; };
		75D991621C9221BE008F2A70 /* spark.png in Resources */ = {isa = PBXBuildFile; fileRef = 75D9915E1C9221BE008F2A70 /* spark.png */; };
		75D991641C9242C9008F2A70 /* ShipThruster.sks in Resources */ = {isa = PBXBuildFile; fileRef = 75D991631C9242C9008F2A70 /* ShipThruster.sks */; };
		75D991651C9242C9008F2A70 /* ShipThruster.sks in Resources */ = {isa = PBXBuildFile; fileRef = 75D991631C9242C9008F2A70 /* ShipThruster.sks */; };
		75D9916A1C931B02008F2A70 /* WeaponParticle.sks in Resources */ = {isa = PBXBuildFile; fileRef = 75D991691C931B02008F2A70 /* WeaponParticle.sks */; };
		75D9916B1C931B02008F2A70 /* WeaponParticle.sks in Resources */ = {isa = PBXBuildFile; fileRef = 75D991691C931B02008F2A70 /* WeaponParticle.sks */; };
		97176D261C87D8CB006D38D1 /* PlanetPickScene.swift in Sources */ = {isa = PBXBuildFile; fileRef = 97176D251C87D8CB006D38D1 /* PlanetPickScene.swift */; };
		97176D271C87D95E006D38D1 /* PlanetPickScene.swift in Sources */ = {isa = PBXBuildFile; fileRef = 97176D251C87D8CB006D38D1 /* PlanetPickScene.swift */; };
		97176D291C87DC62006D38D1 /* PlanetPickScene.sks in Resources */ = {isa = PBXBuildFile; fileRef = 97176D281C87DC62006D38D1 /* PlanetPickScene.sks */; };
		97176D2A1C87DC80006D38D1 /* PlanetPickScene.sks in Resources */ = {isa = PBXBuildFile; fileRef = 97176D281C87DC62006D38D1 /* PlanetPickScene.sks */; };
		97176D2C1C87E53F006D38D1 /* Planet.swift in Sources */ = {isa = PBXBuildFile; fileRef = 97176D2B1C87E53F006D38D1 /* Planet.swift */; };
		977E3CA71C13597200BA8F52 /* Item.swift in Sources */ = {isa = PBXBuildFile; fileRef = 977E3CA61C13597200BA8F52 /* Item.swift */; };
		977E3CA81C13597200BA8F52 /* Item.swift in Sources */ = {isa = PBXBuildFile; fileRef = 977E3CA61C13597200BA8F52 /* Item.swift */; };
		97B633BD1C0D4D5500CB6B8B /* Square.ttf in Resources */ = {isa = PBXBuildFile; fileRef = 97B633BC1C0D4C3E00CB6B8B /* Square.ttf */; };
		97B633BE1C0D4D5600CB6B8B /* Square.ttf in Resources */ = {isa = PBXBuildFile; fileRef = 97B633BC1C0D4C3E00CB6B8B /* Square.ttf */; };
		97B633C01C0D517B00CB6B8B /* Assets.xcassets in Resources */ = {isa = PBXBuildFile; fileRef = 97B633BF1C0D517B00CB6B8B /* Assets.xcassets */; };
		97B633C21C0D5CCB00CB6B8B /* Explosion.swift in Sources */ = {isa = PBXBuildFile; fileRef = 97B633C11C0D5CCB00CB6B8B /* Explosion.swift */; };
		97B633C31C0D62AA00CB6B8B /* Explosion.swift in Sources */ = {isa = PBXBuildFile; fileRef = 97B633C11C0D5CCB00CB6B8B /* Explosion.swift */; };
		97FD25641C8E7BD400CF0E00 /* Planet.swift in Sources */ = {isa = PBXBuildFile; fileRef = 97176D2B1C87E53F006D38D1 /* Planet.swift */; };
		990133A51C549BAB00447736 /* AudioKit.framework in Frameworks */ = {isa = PBXBuildFile; fileRef = 99C22E0C1C54992300487B9A /* AudioKit.framework */; };
		990133A61C549BAB00447736 /* AudioKit.framework in Embed Frameworks */ = {isa = PBXBuildFile; fileRef = 99C22E0C1C54992300487B9A /* AudioKit.framework */; settings = {ATTRIBUTES = (CodeSignOnCopy, RemoveHeadersOnCopy, ); }; };
		9919CF291C0CF7690024DFBB /* TowerAttackPulse.swift in Sources */ = {isa = PBXBuildFile; fileRef = 9919CF281C0CF7690024DFBB /* TowerAttackPulse.swift */; };
		9919CF2A1C0CF7690024DFBB /* TowerAttackPulse.swift in Sources */ = {isa = PBXBuildFile; fileRef = 9919CF281C0CF7690024DFBB /* TowerAttackPulse.swift */; };
		9919CF2C1C0CF77E0024DFBB /* TowerDefenseSlag.swift in Sources */ = {isa = PBXBuildFile; fileRef = 9919CF2B1C0CF77E0024DFBB /* TowerDefenseSlag.swift */; };
		9919CF2D1C0CF77E0024DFBB /* TowerDefenseSlag.swift in Sources */ = {isa = PBXBuildFile; fileRef = 9919CF2B1C0CF77E0024DFBB /* TowerDefenseSlag.swift */; };
		9926222F1BED1E9F0080D35A /* EnemyMoveBoss.swift in Sources */ = {isa = PBXBuildFile; fileRef = 9926222E1BED1E9E0080D35A /* EnemyMoveBoss.swift */; };
		992622351BED1ECB0080D35A /* EnemyMoveBasic.swift in Sources */ = {isa = PBXBuildFile; fileRef = 992622301BED1ECB0080D35A /* EnemyMoveBasic.swift */; };
		992622361BED1ECB0080D35A /* ConcreteMoveStrat2.swift in Sources */ = {isa = PBXBuildFile; fileRef = 992622311BED1ECB0080D35A /* ConcreteMoveStrat2.swift */; };
		992622381BED1ECB0080D35A /* EnemyAttackBoss.swift in Sources */ = {isa = PBXBuildFile; fileRef = 992622331BED1ECB0080D35A /* EnemyAttackBoss.swift */; };
		992622391BED1ECB0080D35A /* EnemyAttackRanged.swift in Sources */ = {isa = PBXBuildFile; fileRef = 992622341BED1ECB0080D35A /* EnemyAttackRanged.swift */; };
		9926223B1BED2B2C0080D35A /* User.swift in Sources */ = {isa = PBXBuildFile; fileRef = 9926223A1BED2B2C0080D35A /* User.swift */; };
		9926223E1BED2B910080D35A /* GameState.swift in Sources */ = {isa = PBXBuildFile; fileRef = 9926223D1BED2B910080D35A /* GameState.swift */; };
		993BC2B61C003A50009596FA /* LoginController.swift in Sources */ = {isa = PBXBuildFile; fileRef = 993BC2B51C003A50009596FA /* LoginController.swift */; };
		993BC2B71C003A50009596FA /* LoginController.swift in Sources */ = {isa = PBXBuildFile; fileRef = 993BC2B51C003A50009596FA /* LoginController.swift */; };
		993BC2B91C011A6D009596FA /* SignUpController.swift in Sources */ = {isa = PBXBuildFile; fileRef = 993BC2B81C011A6D009596FA /* SignUpController.swift */; };
		993BC2BA1C011A6D009596FA /* SignUpController.swift in Sources */ = {isa = PBXBuildFile; fileRef = 993BC2B81C011A6D009596FA /* SignUpController.swift */; };
		9943460E1C7924F2000012F0 /* PlanetPickView.swift in Sources */ = {isa = PBXBuildFile; fileRef = 9943460D1C7924F1000012F0 /* PlanetPickView.swift */; };
		9943460F1C7924F2000012F0 /* PlanetPickView.swift in Sources */ = {isa = PBXBuildFile; fileRef = 9943460D1C7924F1000012F0 /* PlanetPickView.swift */; };
		994346111C792662000012F0 /* SideScroll.swift in Sources */ = {isa = PBXBuildFile; fileRef = 994346101C792662000012F0 /* SideScroll.swift */; };
		994346121C792662000012F0 /* SideScroll.swift in Sources */ = {isa = PBXBuildFile; fileRef = 994346101C792662000012F0 /* SideScroll.swift */; };
		994346141C792776000012F0 /* Main.storyboard in Resources */ = {isa = PBXBuildFile; fileRef = 994346131C792776000012F0 /* Main.storyboard */; };
		994346151C792776000012F0 /* Main.storyboard in Resources */ = {isa = PBXBuildFile; fileRef = 994346131C792776000012F0 /* Main.storyboard */; };
		9946E3FF1BE56E33007E9559 /* Common.swift in Sources */ = {isa = PBXBuildFile; fileRef = 9946E3FE1BE56E33007E9559 /* Common.swift */; };
		9946E4011BE56E54007E9559 /* TowerBase.swift in Sources */ = {isa = PBXBuildFile; fileRef = 9946E4001BE56E54007E9559 /* TowerBase.swift */; };
		9946E4031BE56EBB007E9559 /* EnemyMoveStrat.swift in Sources */ = {isa = PBXBuildFile; fileRef = 9946E4021BE56EBB007E9559 /* EnemyMoveStrat.swift */; };
		9946E4061BE56EFB007E9559 /* EnemyAttackStrat.swift in Sources */ = {isa = PBXBuildFile; fileRef = 9946E4051BE56EFB007E9559 /* EnemyAttackStrat.swift */; };
		9946E4091BE56F35007E9559 /* TowerAttackStrat.swift in Sources */ = {isa = PBXBuildFile; fileRef = 9946E4081BE56F35007E9559 /* TowerAttackStrat.swift */; };
		9946E40A1BE56F35007E9559 /* TowerAttackStrat.swift in Sources */ = {isa = PBXBuildFile; fileRef = 9946E4081BE56F35007E9559 /* TowerAttackStrat.swift */; };
		9946E40C1BE56F7D007E9559 /* TowerDefenseStrat.swift in Sources */ = {isa = PBXBuildFile; fileRef = 9946E40B1BE56F7D007E9559 /* TowerDefenseStrat.swift */; };
		9946E40D1BE56F7D007E9559 /* TowerDefenseStrat.swift in Sources */ = {isa = PBXBuildFile; fileRef = 9946E40B1BE56F7D007E9559 /* TowerDefenseStrat.swift */; };
		9946E4121BE571E5007E9559 /* TowerBuilder.swift in Sources */ = {isa = PBXBuildFile; fileRef = 9946E4111BE571E5007E9559 /* TowerBuilder.swift */; };
		9946E4131BE571E5007E9559 /* TowerBuilder.swift in Sources */ = {isa = PBXBuildFile; fileRef = 9946E4111BE571E5007E9559 /* TowerBuilder.swift */; };
		9946E4151BE5721D007E9559 /* EnemyFactory.swift in Sources */ = {isa = PBXBuildFile; fileRef = 9946E4141BE5721D007E9559 /* EnemyFactory.swift */; };
		9946E4181BE573D7007E9559 /* EnemyBase.swift in Sources */ = {isa = PBXBuildFile; fileRef = 9946E4171BE573D7007E9559 /* EnemyBase.swift */; };
		9946E41B1BE5766C007E9559 /* Entity.swift in Sources */ = {isa = PBXBuildFile; fileRef = 9946E41A1BE5766C007E9559 /* Entity.swift */; };
		998722901BED58C60097B677 /* TowerBuilderNodes.swift in Sources */ = {isa = PBXBuildFile; fileRef = 9987228F1BED58C60097B677 /* TowerBuilderNodes.swift */; };
		998722911BED58C60097B677 /* TowerBuilderNodes.swift in Sources */ = {isa = PBXBuildFile; fileRef = 9987228F1BED58C60097B677 /* TowerBuilderNodes.swift */; };
		998722931BED58ED0097B677 /* UpgradeNode.swift in Sources */ = {isa = PBXBuildFile; fileRef = 998722921BED58ED0097B677 /* UpgradeNode.swift */; };
		998722941BED58ED0097B677 /* UpgradeNode.swift in Sources */ = {isa = PBXBuildFile; fileRef = 998722921BED58ED0097B677 /* UpgradeNode.swift */; };
		99A28B251C7E4DDD007B39DF /* TowerMain.swift in Sources */ = {isa = PBXBuildFile; fileRef = 99A28B241C7E4DDC007B39DF /* TowerMain.swift */; };
		99A28B261C7E4DDD007B39DF /* TowerMain.swift in Sources */ = {isa = PBXBuildFile; fileRef = 99A28B241C7E4DDC007B39DF /* TowerMain.swift */; };
		99A28B281C7E505B007B39DF /* TowerMainStat.swift in Sources */ = {isa = PBXBuildFile; fileRef = 99A28B271C7E505B007B39DF /* TowerMainStat.swift */; };
		99A28B291C7E505B007B39DF /* TowerMainStat.swift in Sources */ = {isa = PBXBuildFile; fileRef = 99A28B271C7E505B007B39DF /* TowerMainStat.swift */; };
		99A3BBE81BE94C1900AAB350 /* Bullet.swift in Sources */ = {isa = PBXBuildFile; fileRef = 99A3BBE41BE94C1900AAB350 /* Bullet.swift */; };
		99A3BBE91BE94C1900AAB350 /* TowerAttackBasic.swift in Sources */ = {isa = PBXBuildFile; fileRef = 99A3BBE51BE94C1900AAB350 /* TowerAttackBasic.swift */; };
		99A3BBEA1BE94C1900AAB350 /* TowerDefenseHeal.swift in Sources */ = {isa = PBXBuildFile; fileRef = 99A3BBE61BE94C1900AAB350 /* TowerDefenseHeal.swift */; };
		99A868D61C65331F00A97EF1 /* SideScrolScene.swift in Sources */ = {isa = PBXBuildFile; fileRef = 99A868D51C65331E00A97EF1 /* SideScrolScene.swift */; };
		99A868D71C65332000A97EF1 /* SideScrolScene.swift in Sources */ = {isa = PBXBuildFile; fileRef = 99A868D51C65331E00A97EF1 /* SideScrolScene.swift */; };
		99BA33B11BF2A23000152764 /* TowerDefenseHeal.swift in Sources */ = {isa = PBXBuildFile; fileRef = 99A3BBE61BE94C1900AAB350 /* TowerDefenseHeal.swift */; };
		99BA33B21BF2A23400152764 /* TowerAttackBasic.swift in Sources */ = {isa = PBXBuildFile; fileRef = 99A3BBE51BE94C1900AAB350 /* TowerAttackBasic.swift */; };
		99BA33B31BF2A23C00152764 /* TowerBase.swift in Sources */ = {isa = PBXBuildFile; fileRef = 9946E4001BE56E54007E9559 /* TowerBase.swift */; };
		99BA33B41BF2A23C00152764 /* Bullet.swift in Sources */ = {isa = PBXBuildFile; fileRef = 99A3BBE41BE94C1900AAB350 /* Bullet.swift */; };
		99BA33BB1BF2A24300152764 /* EnemyMoveBoss.swift in Sources */ = {isa = PBXBuildFile; fileRef = 9926222E1BED1E9E0080D35A /* EnemyMoveBoss.swift */; };
		99BA33BC1BF2A24300152764 /* EnemyMoveBasic.swift in Sources */ = {isa = PBXBuildFile; fileRef = 992622301BED1ECB0080D35A /* EnemyMoveBasic.swift */; };
		99BA33BD1BF2A24300152764 /* ConcreteMoveStrat2.swift in Sources */ = {isa = PBXBuildFile; fileRef = 992622311BED1ECB0080D35A /* ConcreteMoveStrat2.swift */; };
		99BA33BF1BF2A24300152764 /* EnemyAttackBoss.swift in Sources */ = {isa = PBXBuildFile; fileRef = 992622331BED1ECB0080D35A /* EnemyAttackBoss.swift */; };
		99BA33C01BF2A24300152764 /* EnemyAttackRanged.swift in Sources */ = {isa = PBXBuildFile; fileRef = 992622341BED1ECB0080D35A /* EnemyAttackRanged.swift */; };
		99BA33C11BF2A24300152764 /* EnemyBase.swift in Sources */ = {isa = PBXBuildFile; fileRef = 9946E4171BE573D7007E9559 /* EnemyBase.swift */; };
		99BA33C21BF2A24300152764 /* EnemyAttackStrat.swift in Sources */ = {isa = PBXBuildFile; fileRef = 9946E4051BE56EFB007E9559 /* EnemyAttackStrat.swift */; };
		99BA33C31BF2A24300152764 /* EnemyMoveStrat.swift in Sources */ = {isa = PBXBuildFile; fileRef = 9946E4021BE56EBB007E9559 /* EnemyMoveStrat.swift */; };
		99BA33C41BF2A24300152764 /* EnemyFactory.swift in Sources */ = {isa = PBXBuildFile; fileRef = 9946E4141BE5721D007E9559 /* EnemyFactory.swift */; };
		99BA33C71BF2A24800152764 /* GameScene.swift in Sources */ = {isa = PBXBuildFile; fileRef = 99FD082F1BE035D80070F4B8 /* GameScene.swift */; };
		99BA33C81BF2A24800152764 /* GameViewController.swift in Sources */ = {isa = PBXBuildFile; fileRef = 99FD08311BE035D80070F4B8 /* GameViewController.swift */; };
		99BA33C91BF2A24800152764 /* UpgradeView.swift in Sources */ = {isa = PBXBuildFile; fileRef = 99D680E91BE7FE2B00C877CE /* UpgradeView.swift */; };
		99BA33CC1BF2A25F00152764 /* AppDelegate.swift in Sources */ = {isa = PBXBuildFile; fileRef = 99FD082B1BE035D80070F4B8 /* AppDelegate.swift */; };
		99BA33CD1BF2A25F00152764 /* Entity.swift in Sources */ = {isa = PBXBuildFile; fileRef = 9946E41A1BE5766C007E9559 /* Entity.swift */; };
		99BA33CE1BF2A25F00152764 /* Common.swift in Sources */ = {isa = PBXBuildFile; fileRef = 9946E3FE1BE56E33007E9559 /* Common.swift */; };
		99BA33CF1BF2A25F00152764 /* User.swift in Sources */ = {isa = PBXBuildFile; fileRef = 9926223A1BED2B2C0080D35A /* User.swift */; };
		99BA33D01BF2A25F00152764 /* GameState.swift in Sources */ = {isa = PBXBuildFile; fileRef = 9926223D1BED2B910080D35A /* GameState.swift */; };
		99BA33D41BF5171700152764 /* UserModel.xcdatamodeld in Sources */ = {isa = PBXBuildFile; fileRef = 99BA33D21BF5171700152764 /* UserModel.xcdatamodeld */; };
		99BA33D51BF5171700152764 /* UserModel.xcdatamodeld in Sources */ = {isa = PBXBuildFile; fileRef = 99BA33D21BF5171700152764 /* UserModel.xcdatamodeld */; };
		99BA33D61BF5171700152764 /* UserModel.xcdatamodeld in Sources */ = {isa = PBXBuildFile; fileRef = 99BA33D21BF5171700152764 /* UserModel.xcdatamodeld */; };
		99CDB2E91C80236A000A912F /* MainTowerHUD.swift in Sources */ = {isa = PBXBuildFile; fileRef = 99CDB2E81C80236A000A912F /* MainTowerHUD.swift */; };
		99CE60D21C1BD6B900CB8F22 /* Conductor.swift in Sources */ = {isa = PBXBuildFile; fileRef = 99CE60CF1C1BD6B900CB8F22 /* Conductor.swift */; };
		99CE60D31C1BD6B900CB8F22 /* Conductor.swift in Sources */ = {isa = PBXBuildFile; fileRef = 99CE60CF1C1BD6B900CB8F22 /* Conductor.swift */; };
		99D680EA1BE7FE2B00C877CE /* UpgradeView.swift in Sources */ = {isa = PBXBuildFile; fileRef = 99D680E91BE7FE2B00C877CE /* UpgradeView.swift */; };
		99EDA20B1C78FB2900AFF94E /* ToneGenerator.swift in Sources */ = {isa = PBXBuildFile; fileRef = 99EDA20A1C78FB2800AFF94E /* ToneGenerator.swift */; };
		99EDA20C1C78FB2900AFF94E /* ToneGenerator.swift in Sources */ = {isa = PBXBuildFile; fileRef = 99EDA20A1C78FB2800AFF94E /* ToneGenerator.swift */; };
		99FD082C1BE035D80070F4B8 /* AppDelegate.swift in Sources */ = {isa = PBXBuildFile; fileRef = 99FD082B1BE035D80070F4B8 /* AppDelegate.swift */; };
		99FD082E1BE035D80070F4B8 /* GameScene.sks in Resources */ = {isa = PBXBuildFile; fileRef = 99FD082D1BE035D80070F4B8 /* GameScene.sks */; };
		99FD08301BE035D80070F4B8 /* GameScene.swift in Sources */ = {isa = PBXBuildFile; fileRef = 99FD082F1BE035D80070F4B8 /* GameScene.swift */; };
		99FD08321BE035D80070F4B8 /* GameViewController.swift in Sources */ = {isa = PBXBuildFile; fileRef = 99FD08311BE035D80070F4B8 /* GameViewController.swift */; };
		99FD083A1BE035D80070F4B8 /* LaunchScreen.storyboard in Resources */ = {isa = PBXBuildFile; fileRef = 99FD08381BE035D80070F4B8 /* LaunchScreen.storyboard */; };
		99FD08451BE035D80070F4B8 /* TowerDefenseTests.swift in Sources */ = {isa = PBXBuildFile; fileRef = 99FD08441BE035D80070F4B8 /* TowerDefenseTests.swift */; };
		99FD08501BE035D80070F4B8 /* TowerDefenseUITests.swift in Sources */ = {isa = PBXBuildFile; fileRef = 99FD084F1BE035D80070F4B8 /* TowerDefenseUITests.swift */; };
/* End PBXBuildFile section */

/* Begin PBXContainerItemProxy section */
		99FD08411BE035D80070F4B8 /* PBXContainerItemProxy */ = {
			isa = PBXContainerItemProxy;
			containerPortal = 99FD08201BE035D80070F4B8 /* Project object */;
			proxyType = 1;
			remoteGlobalIDString = 99FD08271BE035D80070F4B8;
			remoteInfo = TowerDefense;
		};
		99FD084C1BE035D80070F4B8 /* PBXContainerItemProxy */ = {
			isa = PBXContainerItemProxy;
			containerPortal = 99FD08201BE035D80070F4B8 /* Project object */;
			proxyType = 1;
			remoteGlobalIDString = 99FD08271BE035D80070F4B8;
			remoteInfo = TowerDefense;
		};
/* End PBXContainerItemProxy section */

/* Begin PBXCopyFilesBuildPhase section */
		990133A71C549BAB00447736 /* Embed Frameworks */ = {
			isa = PBXCopyFilesBuildPhase;
			buildActionMask = 2147483647;
			dstPath = "";
			dstSubfolderSpec = 10;
			files = (
				990133A61C549BAB00447736 /* AudioKit.framework in Embed Frameworks */,
			);
			name = "Embed Frameworks";
			runOnlyForDeploymentPostprocessing = 0;
		};
/* End PBXCopyFilesBuildPhase section */

/* Begin PBXFileReference section */
		4615CE391C0FC145005A4290 /* EnemyMoveSwarm.swift */ = {isa = PBXFileReference; fileEncoding = 4; lastKnownFileType = sourcecode.swift; path = EnemyMoveSwarm.swift; sourceTree = "<group>"; };
		4615CE421C113103005A4290 /* EndGameController.swift */ = {isa = PBXFileReference; fileEncoding = 4; lastKnownFileType = sourcecode.swift; path = EndGameController.swift; sourceTree = "<group>"; };
		46237E811C1A751200E0B774 /* EnemyMoveKamikaze.swift */ = {isa = PBXFileReference; fileEncoding = 4; lastKnownFileType = sourcecode.swift; path = EnemyMoveKamikaze.swift; sourceTree = "<group>"; };
		7513D85E1CA322120025A96D /* TowerAttackSideScroll.swift */ = {isa = PBXFileReference; fileEncoding = 4; lastKnownFileType = sourcecode.swift; path = TowerAttackSideScroll.swift; sourceTree = "<group>"; };
		7513D8611CA56BF90025A96D /* EnemySS2MoveStrat.swift */ = {isa = PBXFileReference; fileEncoding = 4; lastKnownFileType = sourcecode.swift; path = EnemySS2MoveStrat.swift; sourceTree = "<group>"; };
		75148D7A1CB2C2C8003087A9 /* EnemySS3MoveStrat.swift */ = {isa = PBXFileReference; fileEncoding = 4; lastKnownFileType = sourcecode.swift; path = EnemySS3MoveStrat.swift; sourceTree = "<group>"; };
		75148D7F1CBAA6F3003087A9 /* Shield.sks */ = {isa = PBXFileReference; lastKnownFileType = file.sks; path = Shield.sks; sourceTree = "<group>"; };
		75148D821CBAC6AC003087A9 /* EnemyMoveSSBoss.swift */ = {isa = PBXFileReference; fileEncoding = 4; lastKnownFileType = sourcecode.swift; path = EnemyMoveSSBoss.swift; sourceTree = "<group>"; };
		75148D851CBAE4DB003087A9 /* EnemyMoveSSSwarm.swift */ = {isa = PBXFileReference; fileEncoding = 4; lastKnownFileType = sourcecode.swift; path = EnemyMoveSSSwarm.swift; sourceTree = "<group>"; };
		75148D881CBAEB29003087A9 /* TowerDefenseSideScroll.swift */ = {isa = PBXFileReference; fileEncoding = 4; lastKnownFileType = sourcecode.swift; path = TowerDefenseSideScroll.swift; sourceTree = "<group>"; };
		75148D8B1CBE9280003087A9 /* BenchUITests.swift */ = {isa = PBXFileReference; fileEncoding = 4; lastKnownFileType = sourcecode.swift; path = BenchUITests.swift; sourceTree = "<group>"; };
		75D9914E1C80EAED008F2A70 /* SideScrollScene.sks */ = {isa = PBXFileReference; lastKnownFileType = file.sks; path = SideScrollScene.sks; sourceTree = "<group>"; };
		75D991511C8249BB008F2A70 /* EnemyAttackObstacle.swift */ = {isa = PBXFileReference; fileEncoding = 4; lastKnownFileType = sourcecode.swift; path = EnemyAttackObstacle.swift; sourceTree = "<group>"; };
		75D991541C8249DC008F2A70 /* EnemyMoveObstacle.swift */ = {isa = PBXFileReference; fileEncoding = 4; lastKnownFileType = sourcecode.swift; path = EnemyMoveObstacle.swift; sourceTree = "<group>"; };
		75D991571C8CF5D3008F2A70 /* EnemySSMoveStrat.swift */ = {isa = PBXFileReference; fileEncoding = 4; lastKnownFileType = sourcecode.swift; path = EnemySSMoveStrat.swift; sourceTree = "<group>"; };
		75D9915A1C8CF5EC008F2A70 /* EnemySSAttackStrat.swift */ = {isa = PBXFileReference; fileEncoding = 4; lastKnownFileType = sourcecode.swift; path = EnemySSAttackStrat.swift; sourceTree = "<group>"; };
		75D9915D1C9221BE008F2A70 /* StarsBG.sks */ = {isa = PBXFileReference; lastKnownFileType = file.sks; path = StarsBG.sks; sourceTree = "<group>"; };
		75D9915E1C9221BE008F2A70 /* spark.png */ = {isa = PBXFileReference; lastKnownFileType = image.png; path = spark.png; sourceTree = "<group>"; };
		75D991631C9242C9008F2A70 /* ShipThruster.sks */ = {isa = PBXFileReference; lastKnownFileType = file.sks; path = ShipThruster.sks; sourceTree = "<group>"; };
		75D991691C931B02008F2A70 /* WeaponParticle.sks */ = {isa = PBXFileReference; lastKnownFileType = file.sks; path = WeaponParticle.sks; sourceTree = "<group>"; };
		97176D251C87D8CB006D38D1 /* PlanetPickScene.swift */ = {isa = PBXFileReference; fileEncoding = 4; lastKnownFileType = sourcecode.swift; path = PlanetPickScene.swift; sourceTree = "<group>"; };
		97176D281C87DC62006D38D1 /* PlanetPickScene.sks */ = {isa = PBXFileReference; lastKnownFileType = file.sks; path = PlanetPickScene.sks; sourceTree = "<group>"; };
		97176D2B1C87E53F006D38D1 /* Planet.swift */ = {isa = PBXFileReference; fileEncoding = 4; lastKnownFileType = sourcecode.swift; path = Planet.swift; sourceTree = "<group>"; };
		977E3CA61C13597200BA8F52 /* Item.swift */ = {isa = PBXFileReference; fileEncoding = 4; lastKnownFileType = sourcecode.swift; path = Item.swift; sourceTree = "<group>"; };
		97B633BC1C0D4C3E00CB6B8B /* Square.ttf */ = {isa = PBXFileReference; lastKnownFileType = file; path = Square.ttf; sourceTree = "<group>"; };
		97B633BF1C0D517B00CB6B8B /* Assets.xcassets */ = {isa = PBXFileReference; lastKnownFileType = folder.assetcatalog; path = Assets.xcassets; sourceTree = "<group>"; };
		97B633C11C0D5CCB00CB6B8B /* Explosion.swift */ = {isa = PBXFileReference; fileEncoding = 4; lastKnownFileType = sourcecode.swift; path = Explosion.swift; sourceTree = "<group>"; };
		9919CF281C0CF7690024DFBB /* TowerAttackPulse.swift */ = {isa = PBXFileReference; fileEncoding = 4; lastKnownFileType = sourcecode.swift; path = TowerAttackPulse.swift; sourceTree = "<group>"; };
		9919CF2B1C0CF77E0024DFBB /* TowerDefenseSlag.swift */ = {isa = PBXFileReference; fileEncoding = 4; lastKnownFileType = sourcecode.swift; path = TowerDefenseSlag.swift; sourceTree = "<group>"; };
		9926222E1BED1E9E0080D35A /* EnemyMoveBoss.swift */ = {isa = PBXFileReference; fileEncoding = 4; lastKnownFileType = sourcecode.swift; path = EnemyMoveBoss.swift; sourceTree = "<group>"; };
		992622301BED1ECB0080D35A /* EnemyMoveBasic.swift */ = {isa = PBXFileReference; fileEncoding = 4; lastKnownFileType = sourcecode.swift; path = EnemyMoveBasic.swift; sourceTree = "<group>"; };
		992622311BED1ECB0080D35A /* ConcreteMoveStrat2.swift */ = {isa = PBXFileReference; fileEncoding = 4; lastKnownFileType = sourcecode.swift; path = ConcreteMoveStrat2.swift; sourceTree = "<group>"; };
		992622331BED1ECB0080D35A /* EnemyAttackBoss.swift */ = {isa = PBXFileReference; fileEncoding = 4; lastKnownFileType = sourcecode.swift; path = EnemyAttackBoss.swift; sourceTree = "<group>"; };
		992622341BED1ECB0080D35A /* EnemyAttackRanged.swift */ = {isa = PBXFileReference; fileEncoding = 4; lastKnownFileType = sourcecode.swift; path = EnemyAttackRanged.swift; sourceTree = "<group>"; };
		9926223A1BED2B2C0080D35A /* User.swift */ = {isa = PBXFileReference; fileEncoding = 4; lastKnownFileType = sourcecode.swift; path = User.swift; sourceTree = "<group>"; };
		9926223D1BED2B910080D35A /* GameState.swift */ = {isa = PBXFileReference; fileEncoding = 4; lastKnownFileType = sourcecode.swift; path = GameState.swift; sourceTree = "<group>"; };
		993BC2B51C003A50009596FA /* LoginController.swift */ = {isa = PBXFileReference; fileEncoding = 4; lastKnownFileType = sourcecode.swift; path = LoginController.swift; sourceTree = "<group>"; };
		993BC2B81C011A6D009596FA /* SignUpController.swift */ = {isa = PBXFileReference; fileEncoding = 4; lastKnownFileType = sourcecode.swift; path = SignUpController.swift; sourceTree = "<group>"; };
		9943460D1C7924F1000012F0 /* PlanetPickView.swift */ = {isa = PBXFileReference; fileEncoding = 4; lastKnownFileType = sourcecode.swift; path = PlanetPickView.swift; sourceTree = "<group>"; };
		994346101C792662000012F0 /* SideScroll.swift */ = {isa = PBXFileReference; fileEncoding = 4; lastKnownFileType = sourcecode.swift; path = SideScroll.swift; sourceTree = "<group>"; };
		994346131C792776000012F0 /* Main.storyboard */ = {isa = PBXFileReference; fileEncoding = 4; lastKnownFileType = file.storyboard; path = Main.storyboard; sourceTree = "<group>"; };
		9946E3FE1BE56E33007E9559 /* Common.swift */ = {isa = PBXFileReference; fileEncoding = 4; lastKnownFileType = sourcecode.swift; path = Common.swift; sourceTree = "<group>"; };
		9946E4001BE56E54007E9559 /* TowerBase.swift */ = {isa = PBXFileReference; fileEncoding = 4; lastKnownFileType = sourcecode.swift; path = TowerBase.swift; sourceTree = "<group>"; };
		9946E4021BE56EBB007E9559 /* EnemyMoveStrat.swift */ = {isa = PBXFileReference; fileEncoding = 4; lastKnownFileType = sourcecode.swift; path = EnemyMoveStrat.swift; sourceTree = "<group>"; };
		9946E4051BE56EFB007E9559 /* EnemyAttackStrat.swift */ = {isa = PBXFileReference; fileEncoding = 4; lastKnownFileType = sourcecode.swift; path = EnemyAttackStrat.swift; sourceTree = "<group>"; };
		9946E4081BE56F35007E9559 /* TowerAttackStrat.swift */ = {isa = PBXFileReference; fileEncoding = 4; lastKnownFileType = sourcecode.swift; path = TowerAttackStrat.swift; sourceTree = "<group>"; };
		9946E40B1BE56F7D007E9559 /* TowerDefenseStrat.swift */ = {isa = PBXFileReference; fileEncoding = 4; lastKnownFileType = sourcecode.swift; path = TowerDefenseStrat.swift; sourceTree = "<group>"; };
		9946E4111BE571E5007E9559 /* TowerBuilder.swift */ = {isa = PBXFileReference; fileEncoding = 4; lastKnownFileType = sourcecode.swift; path = TowerBuilder.swift; sourceTree = "<group>"; };
		9946E4141BE5721D007E9559 /* EnemyFactory.swift */ = {isa = PBXFileReference; fileEncoding = 4; lastKnownFileType = sourcecode.swift; path = EnemyFactory.swift; sourceTree = "<group>"; };
		9946E4171BE573D7007E9559 /* EnemyBase.swift */ = {isa = PBXFileReference; fileEncoding = 4; lastKnownFileType = sourcecode.swift; path = EnemyBase.swift; sourceTree = "<group>"; };
		9946E41A1BE5766C007E9559 /* Entity.swift */ = {isa = PBXFileReference; fileEncoding = 4; lastKnownFileType = sourcecode.swift; path = Entity.swift; sourceTree = "<group>"; };
		9987228F1BED58C60097B677 /* TowerBuilderNodes.swift */ = {isa = PBXFileReference; fileEncoding = 4; lastKnownFileType = sourcecode.swift; path = TowerBuilderNodes.swift; sourceTree = "<group>"; };
		998722921BED58ED0097B677 /* UpgradeNode.swift */ = {isa = PBXFileReference; fileEncoding = 4; lastKnownFileType = sourcecode.swift; path = UpgradeNode.swift; sourceTree = "<group>"; };
		99A28B241C7E4DDC007B39DF /* TowerMain.swift */ = {isa = PBXFileReference; fileEncoding = 4; lastKnownFileType = sourcecode.swift; path = TowerMain.swift; sourceTree = "<group>"; };
		99A28B271C7E505B007B39DF /* TowerMainStat.swift */ = {isa = PBXFileReference; fileEncoding = 4; lastKnownFileType = sourcecode.swift; path = TowerMainStat.swift; sourceTree = "<group>"; };
		99A3BBE41BE94C1900AAB350 /* Bullet.swift */ = {isa = PBXFileReference; fileEncoding = 4; lastKnownFileType = sourcecode.swift; path = Bullet.swift; sourceTree = "<group>"; };
		99A3BBE51BE94C1900AAB350 /* TowerAttackBasic.swift */ = {isa = PBXFileReference; fileEncoding = 4; lastKnownFileType = sourcecode.swift; path = TowerAttackBasic.swift; sourceTree = "<group>"; };
		99A3BBE61BE94C1900AAB350 /* TowerDefenseHeal.swift */ = {isa = PBXFileReference; fileEncoding = 4; lastKnownFileType = sourcecode.swift; path = TowerDefenseHeal.swift; sourceTree = "<group>"; };
		99A3BBE71BE94C1900AAB350 /* TowerDefenseStrat.swift */ = {isa = PBXFileReference; fileEncoding = 4; lastKnownFileType = sourcecode.swift; path = TowerDefenseStrat.swift; sourceTree = "<group>"; };
		99A868D51C65331E00A97EF1 /* SideScrolScene.swift */ = {isa = PBXFileReference; fileEncoding = 4; lastKnownFileType = sourcecode.swift; path = SideScrolScene.swift; sourceTree = "<group>"; };
		99BA33D31BF5171700152764 /* UserModel.xcdatamodel */ = {isa = PBXFileReference; lastKnownFileType = wrapper.xcdatamodel; path = UserModel.xcdatamodel; sourceTree = "<group>"; };
		99C22E0C1C54992300487B9A /* AudioKit.framework */ = {isa = PBXFileReference; lastKnownFileType = wrapper.framework; path = AudioKit.framework; sourceTree = "<group>"; };
		99CDB2E81C80236A000A912F /* MainTowerHUD.swift */ = {isa = PBXFileReference; fileEncoding = 4; lastKnownFileType = sourcecode.swift; path = MainTowerHUD.swift; sourceTree = "<group>"; };
		99CE60CF1C1BD6B900CB8F22 /* Conductor.swift */ = {isa = PBXFileReference; fileEncoding = 4; lastKnownFileType = sourcecode.swift; path = Conductor.swift; sourceTree = "<group>"; };
		99D680E91BE7FE2B00C877CE /* UpgradeView.swift */ = {isa = PBXFileReference; fileEncoding = 4; lastKnownFileType = sourcecode.swift; path = UpgradeView.swift; sourceTree = "<group>"; };
		99EDA20A1C78FB2800AFF94E /* ToneGenerator.swift */ = {isa = PBXFileReference; fileEncoding = 4; lastKnownFileType = sourcecode.swift; path = ToneGenerator.swift; sourceTree = "<group>"; };
		99FD08281BE035D80070F4B8 /* TowerDefense.app */ = {isa = PBXFileReference; explicitFileType = wrapper.application; includeInIndex = 0; path = TowerDefense.app; sourceTree = BUILT_PRODUCTS_DIR; };
		99FD082B1BE035D80070F4B8 /* AppDelegate.swift */ = {isa = PBXFileReference; lastKnownFileType = sourcecode.swift; path = AppDelegate.swift; sourceTree = "<group>"; };
		99FD082D1BE035D80070F4B8 /* GameScene.sks */ = {isa = PBXFileReference; lastKnownFileType = file.sks; path = GameScene.sks; sourceTree = "<group>"; };
		99FD082F1BE035D80070F4B8 /* GameScene.swift */ = {isa = PBXFileReference; lastKnownFileType = sourcecode.swift; path = GameScene.swift; sourceTree = "<group>"; };
		99FD08311BE035D80070F4B8 /* GameViewController.swift */ = {isa = PBXFileReference; lastKnownFileType = sourcecode.swift; path = GameViewController.swift; sourceTree = "<group>"; };
		99FD08391BE035D80070F4B8 /* Base */ = {isa = PBXFileReference; lastKnownFileType = file.storyboard; name = Base; path = Base.lproj/LaunchScreen.storyboard; sourceTree = "<group>"; };
		99FD083B1BE035D80070F4B8 /* Info.plist */ = {isa = PBXFileReference; lastKnownFileType = text.plist.xml; path = Info.plist; sourceTree = "<group>"; };
		99FD08401BE035D80070F4B8 /* TowerDefenseTests.xctest */ = {isa = PBXFileReference; explicitFileType = wrapper.cfbundle; includeInIndex = 0; path = TowerDefenseTests.xctest; sourceTree = BUILT_PRODUCTS_DIR; };
		99FD08441BE035D80070F4B8 /* TowerDefenseTests.swift */ = {isa = PBXFileReference; lastKnownFileType = sourcecode.swift; path = TowerDefenseTests.swift; sourceTree = "<group>"; };
		99FD08461BE035D80070F4B8 /* Info.plist */ = {isa = PBXFileReference; lastKnownFileType = text.plist.xml; path = Info.plist; sourceTree = "<group>"; };
		99FD084B1BE035D80070F4B8 /* TowerDefenseUITests.xctest */ = {isa = PBXFileReference; explicitFileType = wrapper.cfbundle; includeInIndex = 0; path = TowerDefenseUITests.xctest; sourceTree = BUILT_PRODUCTS_DIR; };
		99FD084F1BE035D80070F4B8 /* TowerDefenseUITests.swift */ = {isa = PBXFileReference; lastKnownFileType = sourcecode.swift; path = TowerDefenseUITests.swift; sourceTree = "<group>"; };
		99FD08511BE035D80070F4B8 /* Info.plist */ = {isa = PBXFileReference; lastKnownFileType = text.plist.xml; path = Info.plist; sourceTree = "<group>"; };
/* End PBXFileReference section */

/* Begin PBXFrameworksBuildPhase section */
		99FD08251BE035D80070F4B8 /* Frameworks */ = {
			isa = PBXFrameworksBuildPhase;
			buildActionMask = 2147483647;
			files = (
				990133A51C549BAB00447736 /* AudioKit.framework in Frameworks */,
			);
			runOnlyForDeploymentPostprocessing = 0;
		};
		99FD083D1BE035D80070F4B8 /* Frameworks */ = {
			isa = PBXFrameworksBuildPhase;
			buildActionMask = 2147483647;
			files = (
			);
			runOnlyForDeploymentPostprocessing = 0;
		};
		99FD08481BE035D80070F4B8 /* Frameworks */ = {
			isa = PBXFrameworksBuildPhase;
			buildActionMask = 2147483647;
			files = (
			);
			runOnlyForDeploymentPostprocessing = 0;
		};
/* End PBXFrameworksBuildPhase section */

/* Begin PBXGroup section */
		9946E40F1BE5701D007E9559 /* Tower */ = {
			isa = PBXGroup;
			children = (
				9946E4001BE56E54007E9559 /* TowerBase.swift */,
				99A3BBE51BE94C1900AAB350 /* TowerAttackBasic.swift */,
				99A3BBE61BE94C1900AAB350 /* TowerDefenseHeal.swift */,
				99A3BBE71BE94C1900AAB350 /* TowerDefenseStrat.swift */,
				9946E4081BE56F35007E9559 /* TowerAttackStrat.swift */,
				9919CF2B1C0CF77E0024DFBB /* TowerDefenseSlag.swift */,
				9919CF281C0CF7690024DFBB /* TowerAttackPulse.swift */,
				9946E40B1BE56F7D007E9559 /* TowerDefenseStrat.swift */,
				998722921BED58ED0097B677 /* UpgradeNode.swift */,
				9987228F1BED58C60097B677 /* TowerBuilderNodes.swift */,
				9946E4111BE571E5007E9559 /* TowerBuilder.swift */,
				99A28B241C7E4DDC007B39DF /* TowerMain.swift */,
				99A28B271C7E505B007B39DF /* TowerMainStat.swift */,
				7513D85E1CA322120025A96D /* TowerAttackSideScroll.swift */,
				75148D881CBAEB29003087A9 /* TowerDefenseSideScroll.swift */,
			);
			name = Tower;
			sourceTree = "<group>";
		};
		9946E4101BE57043007E9559 /* Enemy */ = {
			isa = PBXGroup;
			children = (
				9926222E1BED1E9E0080D35A /* EnemyMoveBoss.swift */,
				992622301BED1ECB0080D35A /* EnemyMoveBasic.swift */,
				992622311BED1ECB0080D35A /* ConcreteMoveStrat2.swift */,
				992622331BED1ECB0080D35A /* EnemyAttackBoss.swift */,
				992622341BED1ECB0080D35A /* EnemyAttackRanged.swift */,
				9946E4171BE573D7007E9559 /* EnemyBase.swift */,
				9946E4051BE56EFB007E9559 /* EnemyAttackStrat.swift */,
				9946E4021BE56EBB007E9559 /* EnemyMoveStrat.swift */,
				9946E4141BE5721D007E9559 /* EnemyFactory.swift */,
				4615CE391C0FC145005A4290 /* EnemyMoveSwarm.swift */,
				46237E811C1A751200E0B774 /* EnemyMoveKamikaze.swift */,
				75D991511C8249BB008F2A70 /* EnemyAttackObstacle.swift */,
				75D991541C8249DC008F2A70 /* EnemyMoveObstacle.swift */,
				75D991571C8CF5D3008F2A70 /* EnemySSMoveStrat.swift */,
				75D9915A1C8CF5EC008F2A70 /* EnemySSAttackStrat.swift */,
				7513D8611CA56BF90025A96D /* EnemySS2MoveStrat.swift */,
				75148D7A1CB2C2C8003087A9 /* EnemySS3MoveStrat.swift */,
				75148D821CBAC6AC003087A9 /* EnemyMoveSSBoss.swift */,
				75148D851CBAE4DB003087A9 /* EnemyMoveSSSwarm.swift */,
			);
			name = Enemy;
			sourceTree = "<group>";
		};
		9946E41D1BE5771E007E9559 /* Visual */ = {
			isa = PBXGroup;
			children = (
				97B633BC1C0D4C3E00CB6B8B /* Square.ttf */,
				99FD083B1BE035D80070F4B8 /* Info.plist */,
				994346131C792776000012F0 /* Main.storyboard */,
				99FD08381BE035D80070F4B8 /* LaunchScreen.storyboard */,
				99FD082D1BE035D80070F4B8 /* GameScene.sks */,
				75D9914E1C80EAED008F2A70 /* SideScrollScene.sks */,
				75D9915D1C9221BE008F2A70 /* StarsBG.sks */,
				75D9915E1C9221BE008F2A70 /* spark.png */,
				75D991631C9242C9008F2A70 /* ShipThruster.sks */,
				75D991691C931B02008F2A70 /* WeaponParticle.sks */,
				97176D281C87DC62006D38D1 /* PlanetPickScene.sks */,
				75148D7F1CBAA6F3003087A9 /* Shield.sks */,
			);
			name = Visual;
			sourceTree = "<group>";
		};
		9946E41E1BE5775F007E9559 /* Common */ = {
			isa = PBXGroup;
			children = (
				97B633BF1C0D517B00CB6B8B /* Assets.xcassets */,
				9946E41A1BE5766C007E9559 /* Entity.swift */,
				99FD082B1BE035D80070F4B8 /* AppDelegate.swift */,
				9946E3FE1BE56E33007E9559 /* Common.swift */,
				9926223A1BED2B2C0080D35A /* User.swift */,
				9926223D1BED2B910080D35A /* GameState.swift */,
				99BA33D21BF5171700152764 /* UserModel.xcdatamodeld */,
				993BC2B51C003A50009596FA /* LoginController.swift */,
				993BC2B81C011A6D009596FA /* SignUpController.swift */,
				99A3BBE41BE94C1900AAB350 /* Bullet.swift */,
				977E3CA61C13597200BA8F52 /* Item.swift */,
				97B633C11C0D5CCB00CB6B8B /* Explosion.swift */,
				4615CE421C113103005A4290 /* EndGameController.swift */,
			);
			name = Common;
			sourceTree = "<group>";
		};
		99CE60CA1C1BD45B00CB8F22 /* Audio */ = {
			isa = PBXGroup;
			children = (
				99CE60CF1C1BD6B900CB8F22 /* Conductor.swift */,
				99EDA20A1C78FB2800AFF94E /* ToneGenerator.swift */,
			);
			name = Audio;
			sourceTree = "<group>";
		};
		99FD081F1BE035D80070F4B8 = {
			isa = PBXGroup;
			children = (
				99C22E0C1C54992300487B9A /* AudioKit.framework */,
				99FD082A1BE035D80070F4B8 /* TowerDefense */,
				99FD08431BE035D80070F4B8 /* TowerDefenseTests */,
				99FD084E1BE035D80070F4B8 /* TowerDefenseUITests */,
				99FD08291BE035D80070F4B8 /* Products */,
			);
			sourceTree = "<group>";
		};
		99FD08291BE035D80070F4B8 /* Products */ = {
			isa = PBXGroup;
			children = (
				99FD08281BE035D80070F4B8 /* TowerDefense.app */,
				99FD08401BE035D80070F4B8 /* TowerDefenseTests.xctest */,
				99FD084B1BE035D80070F4B8 /* TowerDefenseUITests.xctest */,
			);
			name = Products;
			sourceTree = "<group>";
		};
		99FD082A1BE035D80070F4B8 /* TowerDefense */ = {
			isa = PBXGroup;
			children = (
				9946E40F1BE5701D007E9559 /* Tower */,
				9946E4101BE57043007E9559 /* Enemy */,
				9946E41E1BE5775F007E9559 /* Common */,
				9946E41D1BE5771E007E9559 /* Visual */,
				99CE60CA1C1BD45B00CB8F22 /* Audio */,
				99FD082F1BE035D80070F4B8 /* GameScene.swift */,
				99A868D51C65331E00A97EF1 /* SideScrolScene.swift */,
				994346101C792662000012F0 /* SideScroll.swift */,
				9943460D1C7924F1000012F0 /* PlanetPickView.swift */,
				97176D251C87D8CB006D38D1 /* PlanetPickScene.swift */,
				97176D2B1C87E53F006D38D1 /* Planet.swift */,
				99FD08311BE035D80070F4B8 /* GameViewController.swift */,
				99D680E91BE7FE2B00C877CE /* UpgradeView.swift */,
				99CDB2E81C80236A000A912F /* MainTowerHUD.swift */,
			);
			path = TowerDefense;
			sourceTree = "<group>";
		};
		99FD08431BE035D80070F4B8 /* TowerDefenseTests */ = {
			isa = PBXGroup;
			children = (
				99FD08441BE035D80070F4B8 /* TowerDefenseTests.swift */,
				99FD08461BE035D80070F4B8 /* Info.plist */,
			);
			path = TowerDefenseTests;
			sourceTree = "<group>";
		};
		99FD084E1BE035D80070F4B8 /* TowerDefenseUITests */ = {
			isa = PBXGroup;
			children = (
				99FD084F1BE035D80070F4B8 /* TowerDefenseUITests.swift */,
				99FD08511BE035D80070F4B8 /* Info.plist */,
				75148D8B1CBE9280003087A9 /* BenchUITests.swift */,
			);
			path = TowerDefenseUITests;
			sourceTree = "<group>";
		};
/* End PBXGroup section */

/* Begin PBXNativeTarget section */
		99FD08271BE035D80070F4B8 /* TowerDefense */ = {
			isa = PBXNativeTarget;
			buildConfigurationList = 99FD08541BE035D90070F4B8 /* Build configuration list for PBXNativeTarget "TowerDefense" */;
			buildPhases = (
				99FD08241BE035D80070F4B8 /* Sources */,
				99FD08251BE035D80070F4B8 /* Frameworks */,
				99FD08261BE035D80070F4B8 /* Resources */,
				990133A71C549BAB00447736 /* Embed Frameworks */,
			);
			buildRules = (
			);
			dependencies = (
			);
			name = TowerDefense;
			productName = TowerDefense;
			productReference = 99FD08281BE035D80070F4B8 /* TowerDefense.app */;
			productType = "com.apple.product-type.application";
		};
		99FD083F1BE035D80070F4B8 /* TowerDefenseTests */ = {
			isa = PBXNativeTarget;
			buildConfigurationList = 99FD08571BE035D90070F4B8 /* Build configuration list for PBXNativeTarget "TowerDefenseTests" */;
			buildPhases = (
				99FD083C1BE035D80070F4B8 /* Sources */,
				99FD083D1BE035D80070F4B8 /* Frameworks */,
				99FD083E1BE035D80070F4B8 /* Resources */,
			);
			buildRules = (
			);
			dependencies = (
				99FD08421BE035D80070F4B8 /* PBXTargetDependency */,
			);
			name = TowerDefenseTests;
			productName = TowerDefenseTests;
			productReference = 99FD08401BE035D80070F4B8 /* TowerDefenseTests.xctest */;
			productType = "com.apple.product-type.bundle.unit-test";
		};
		99FD084A1BE035D80070F4B8 /* TowerDefenseUITests */ = {
			isa = PBXNativeTarget;
			buildConfigurationList = 99FD085A1BE035D90070F4B8 /* Build configuration list for PBXNativeTarget "TowerDefenseUITests" */;
			buildPhases = (
				99FD08471BE035D80070F4B8 /* Sources */,
				99FD08481BE035D80070F4B8 /* Frameworks */,
				99FD08491BE035D80070F4B8 /* Resources */,
			);
			buildRules = (
			);
			dependencies = (
				99FD084D1BE035D80070F4B8 /* PBXTargetDependency */,
			);
			name = TowerDefenseUITests;
			productName = TowerDefenseUITests;
			productReference = 99FD084B1BE035D80070F4B8 /* TowerDefenseUITests.xctest */;
			productType = "com.apple.product-type.bundle.ui-testing";
		};
/* End PBXNativeTarget section */

/* Begin PBXProject section */
		99FD08201BE035D80070F4B8 /* Project object */ = {
			isa = PBXProject;
			attributes = {
				LastUpgradeCheck = 0720;
				ORGANIZATIONNAME = "Chris Murphy";
				TargetAttributes = {
					99FD08271BE035D80070F4B8 = {
						CreatedOnToolsVersion = 7.0.1;
						DevelopmentTeam = D5ZY76JTJB;
						SystemCapabilities = {
							com.apple.DataProtection = {
								enabled = 1;
							};
						};
					};
					99FD083F1BE035D80070F4B8 = {
						CreatedOnToolsVersion = 7.0.1;
						DevelopmentTeam = D5ZY76JTJB;
						TestTargetID = 99FD08271BE035D80070F4B8;
					};
					99FD084A1BE035D80070F4B8 = {
						CreatedOnToolsVersion = 7.0.1;
						DevelopmentTeam = D5ZY76JTJB;
						TestTargetID = 99FD08271BE035D80070F4B8;
					};
				};
			};
			buildConfigurationList = 99FD08231BE035D80070F4B8 /* Build configuration list for PBXProject "TowerDefense" */;
			compatibilityVersion = "Xcode 3.2";
			developmentRegion = English;
			hasScannedForEncodings = 0;
			knownRegions = (
				en,
				Base,
			);
			mainGroup = 99FD081F1BE035D80070F4B8;
			productRefGroup = 99FD08291BE035D80070F4B8 /* Products */;
			projectDirPath = "";
			projectRoot = "";
			targets = (
				99FD08271BE035D80070F4B8 /* TowerDefense */,
				99FD083F1BE035D80070F4B8 /* TowerDefenseTests */,
				99FD084A1BE035D80070F4B8 /* TowerDefenseUITests */,
			);
		};
/* End PBXProject section */

/* Begin PBXResourcesBuildPhase section */
		99FD08261BE035D80070F4B8 /* Resources */ = {
			isa = PBXResourcesBuildPhase;
			buildActionMask = 2147483647;
			files = (
				97B633BD1C0D4D5500CB6B8B /* Square.ttf in Resources */,
				75D991641C9242C9008F2A70 /* ShipThruster.sks in Resources */,
				994346141C792776000012F0 /* Main.storyboard in Resources */,
				99FD082E1BE035D80070F4B8 /* GameScene.sks in Resources */,
				75D9915F1C9221BE008F2A70 /* StarsBG.sks in Resources */,
				75D9916A1C931B02008F2A70 /* WeaponParticle.sks in Resources */,
				99FD083A1BE035D80070F4B8 /* LaunchScreen.storyboard in Resources */,
				75D991611C9221BE008F2A70 /* spark.png in Resources */,
				75D9914F1C80EAED008F2A70 /* SideScrollScene.sks in Resources */,
				97176D291C87DC62006D38D1 /* PlanetPickScene.sks in Resources */,
				75148D801CBAA6F3003087A9 /* Shield.sks in Resources */,
				97B633C01C0D517B00CB6B8B /* Assets.xcassets in Resources */,
			);
			runOnlyForDeploymentPostprocessing = 0;
		};
		99FD083E1BE035D80070F4B8 /* Resources */ = {
			isa = PBXResourcesBuildPhase;
			buildActionMask = 2147483647;
			files = (
				75D991621C9221BE008F2A70 /* spark.png in Resources */,
				75D991601C9221BE008F2A70 /* StarsBG.sks in Resources */,
				75D9916B1C931B02008F2A70 /* WeaponParticle.sks in Resources */,
				97B633BE1C0D4D5600CB6B8B /* Square.ttf in Resources */,
				75D991501C80EAED008F2A70 /* SideScrollScene.sks in Resources */,
				75D991651C9242C9008F2A70 /* ShipThruster.sks in Resources */,
				994346151C792776000012F0 /* Main.storyboard in Resources */,
				75148D811CBAA6F3003087A9 /* Shield.sks in Resources */,
				97176D2A1C87DC80006D38D1 /* PlanetPickScene.sks in Resources */,
			);
			runOnlyForDeploymentPostprocessing = 0;
		};
		99FD08491BE035D80070F4B8 /* Resources */ = {
			isa = PBXResourcesBuildPhase;
			buildActionMask = 2147483647;
			files = (
			);
			runOnlyForDeploymentPostprocessing = 0;
		};
/* End PBXResourcesBuildPhase section */

/* Begin PBXSourcesBuildPhase section */
		99FD08241BE035D80070F4B8 /* Sources */ = {
			isa = PBXSourcesBuildPhase;
			buildActionMask = 2147483647;
			files = (
				99A28B251C7E4DDD007B39DF /* TowerMain.swift in Sources */,
				9946E4091BE56F35007E9559 /* TowerAttackStrat.swift in Sources */,
				9946E4121BE571E5007E9559 /* TowerBuilder.swift in Sources */,
				9926223E1BED2B910080D35A /* GameState.swift in Sources */,
				9919CF291C0CF7690024DFBB /* TowerAttackPulse.swift in Sources */,
				99A3BBE81BE94C1900AAB350 /* Bullet.swift in Sources */,
				9946E4151BE5721D007E9559 /* EnemyFactory.swift in Sources */,
				993BC2B91C011A6D009596FA /* SignUpController.swift in Sources */,
				9946E3FF1BE56E33007E9559 /* Common.swift in Sources */,
				992622361BED1ECB0080D35A /* ConcreteMoveStrat2.swift in Sources */,
				46237E821C1A751200E0B774 /* EnemyMoveKamikaze.swift in Sources */,
				99CE60D21C1BD6B900CB8F22 /* Conductor.swift in Sources */,
				75D9915B1C8CF5EC008F2A70 /* EnemySSAttackStrat.swift in Sources */,
				7513D8621CA56BF90025A96D /* EnemySS2MoveStrat.swift in Sources */,
				992622381BED1ECB0080D35A /* EnemyAttackBoss.swift in Sources */,
				99FD08301BE035D80070F4B8 /* GameScene.swift in Sources */,
				7513D85F1CA322120025A96D /* TowerAttackSideScroll.swift in Sources */,
				75D991521C8249BB008F2A70 /* EnemyAttackObstacle.swift in Sources */,
				994346111C792662000012F0 /* SideScroll.swift in Sources */,
				992622351BED1ECB0080D35A /* EnemyMoveBasic.swift in Sources */,
				75148D861CBAE4DB003087A9 /* EnemyMoveSSSwarm.swift in Sources */,
				99A28B281C7E505B007B39DF /* TowerMainStat.swift in Sources */,
				99A3BBEA1BE94C1900AAB350 /* TowerDefenseHeal.swift in Sources */,
				99FD08321BE035D80070F4B8 /* GameViewController.swift in Sources */,
				993BC2B61C003A50009596FA /* LoginController.swift in Sources */,
				9926222F1BED1E9F0080D35A /* EnemyMoveBoss.swift in Sources */,
				99FD082C1BE035D80070F4B8 /* AppDelegate.swift in Sources */,
				99BA33D41BF5171700152764 /* UserModel.xcdatamodeld in Sources */,
				99D680EA1BE7FE2B00C877CE /* UpgradeView.swift in Sources */,
				99CDB2E91C80236A000A912F /* MainTowerHUD.swift in Sources */,
				9946E4031BE56EBB007E9559 /* EnemyMoveStrat.swift in Sources */,
				97176D2C1C87E53F006D38D1 /* Planet.swift in Sources */,
				998722931BED58ED0097B677 /* UpgradeNode.swift in Sources */,
				992622391BED1ECB0080D35A /* EnemyAttackRanged.swift in Sources */,
				9946E40C1BE56F7D007E9559 /* TowerDefenseStrat.swift in Sources */,
				998722901BED58C60097B677 /* TowerBuilderNodes.swift in Sources */,
				9946E4011BE56E54007E9559 /* TowerBase.swift in Sources */,
				9919CF2C1C0CF77E0024DFBB /* TowerDefenseSlag.swift in Sources */,
				75148D891CBAEB29003087A9 /* TowerDefenseSideScroll.swift in Sources */,
				75148D7B1CB2C2C8003087A9 /* EnemySS3MoveStrat.swift in Sources */,
				97176D261C87D8CB006D38D1 /* PlanetPickScene.swift in Sources */,
				99A3BBE91BE94C1900AAB350 /* TowerAttackBasic.swift in Sources */,
				9943460E1C7924F2000012F0 /* PlanetPickView.swift in Sources */,
				977E3CA71C13597200BA8F52 /* Item.swift in Sources */,
				97B633C21C0D5CCB00CB6B8B /* Explosion.swift in Sources */,
				99EDA20B1C78FB2900AFF94E /* ToneGenerator.swift in Sources */,
				9926223B1BED2B2C0080D35A /* User.swift in Sources */,
				4615CE431C113103005A4290 /* EndGameController.swift in Sources */,
				75148D831CBAC6AC003087A9 /* EnemyMoveSSBoss.swift in Sources */,
				75D991551C8249DC008F2A70 /* EnemyMoveObstacle.swift in Sources */,
				75D991581C8CF5D3008F2A70 /* EnemySSMoveStrat.swift in Sources */,
				99A868D61C65331F00A97EF1 /* SideScrolScene.swift in Sources */,
				4615CE3A1C0FC145005A4290 /* EnemyMoveSwarm.swift in Sources */,
				9946E41B1BE5766C007E9559 /* Entity.swift in Sources */,
				9946E4061BE56EFB007E9559 /* EnemyAttackStrat.swift in Sources */,
				9946E4181BE573D7007E9559 /* EnemyBase.swift in Sources */,
			);
			runOnlyForDeploymentPostprocessing = 0;
		};
		99FD083C1BE035D80070F4B8 /* Sources */ = {
			isa = PBXSourcesBuildPhase;
			buildActionMask = 2147483647;
			files = (
				99BA33CC1BF2A25F00152764 /* AppDelegate.swift in Sources */,
				99BA33CD1BF2A25F00152764 /* Entity.swift in Sources */,
				977E3CA81C13597200BA8F52 /* Item.swift in Sources */,
				99BA33CE1BF2A25F00152764 /* Common.swift in Sources */,
				75D991561C8249DC008F2A70 /* EnemyMoveObstacle.swift in Sources */,
				9946E40A1BE56F35007E9559 /* TowerAttackStrat.swift in Sources */,
				99BA33CF1BF2A25F00152764 /* User.swift in Sources */,
				9946E4131BE571E5007E9559 /* TowerBuilder.swift in Sources */,
				9919CF2A1C0CF7690024DFBB /* TowerAttackPulse.swift in Sources */,
				998722941BED58ED0097B677 /* UpgradeNode.swift in Sources */,
				99BA33C91BF2A24800152764 /* UpgradeView.swift in Sources */,
				99CE60D31C1BD6B900CB8F22 /* Conductor.swift in Sources */,
				99BA33C81BF2A24800152764 /* GameViewController.swift in Sources */,
				7513D8631CA56BF90025A96D /* EnemySS2MoveStrat.swift in Sources */,
				9919CF2D1C0CF77E0024DFBB /* TowerDefenseSlag.swift in Sources */,
				994346121C792662000012F0 /* SideScroll.swift in Sources */,
				7513D8601CA324FD0025A96D /* TowerAttackSideScroll.swift in Sources */,
				99BA33C11BF2A24300152764 /* EnemyBase.swift in Sources */,
				75D991591C8CF5D3008F2A70 /* EnemySSMoveStrat.swift in Sources */,
				99A868D71C65332000A97EF1 /* SideScrolScene.swift in Sources */,
				75148D871CBAE4DB003087A9 /* EnemyMoveSSSwarm.swift in Sources */,
				998722911BED58C60097B677 /* TowerBuilderNodes.swift in Sources */,
				99BA33C01BF2A24300152764 /* EnemyAttackRanged.swift in Sources */,
				99FD08451BE035D80070F4B8 /* TowerDefenseTests.swift in Sources */,
				99BA33C31BF2A24300152764 /* EnemyMoveStrat.swift in Sources */,
				993BC2BA1C011A6D009596FA /* SignUpController.swift in Sources */,
				99BA33B31BF2A23C00152764 /* TowerBase.swift in Sources */,
				99BA33C41BF2A24300152764 /* EnemyFactory.swift in Sources */,
				99BA33D51BF5171700152764 /* UserModel.xcdatamodeld in Sources */,
				99BA33BF1BF2A24300152764 /* EnemyAttackBoss.swift in Sources */,
				75D9915C1C8CF5EC008F2A70 /* EnemySSAttackStrat.swift in Sources */,
				9943460F1C7924F2000012F0 /* PlanetPickView.swift in Sources */,
				97FD25641C8E7BD400CF0E00 /* Planet.swift in Sources */,
				993BC2B71C003A50009596FA /* LoginController.swift in Sources */,
				99BA33BB1BF2A24300152764 /* EnemyMoveBoss.swift in Sources */,
				99A28B261C7E4DDD007B39DF /* TowerMain.swift in Sources */,
				99BA33C21BF2A24300152764 /* EnemyAttackStrat.swift in Sources */,
				99EDA20C1C78FB2900AFF94E /* ToneGenerator.swift in Sources */,
				75148D8A1CBAEB29003087A9 /* TowerDefenseSideScroll.swift in Sources */,
				75148D7C1CB2C2C8003087A9 /* EnemySS3MoveStrat.swift in Sources */,
				99BA33B11BF2A23000152764 /* TowerDefenseHeal.swift in Sources */,
				97176D271C87D95E006D38D1 /* PlanetPickScene.swift in Sources */,
				99BA33D01BF2A25F00152764 /* GameState.swift in Sources */,
				9946E40D1BE56F7D007E9559 /* TowerDefenseStrat.swift in Sources */,
				99BA33BD1BF2A24300152764 /* ConcreteMoveStrat2.swift in Sources */,
				4615CE3B1C0FC145005A4290 /* EnemyMoveSwarm.swift in Sources */,
				99A28B291C7E505B007B39DF /* TowerMainStat.swift in Sources */,
				97B633C31C0D62AA00CB6B8B /* Explosion.swift in Sources */,
				75148D841CBAC6AC003087A9 /* EnemyMoveSSBoss.swift in Sources */,
				46237E831C1A751200E0B774 /* EnemyMoveKamikaze.swift in Sources */,
				99BA33C71BF2A24800152764 /* GameScene.swift in Sources */,
				99BA33B21BF2A23400152764 /* TowerAttackBasic.swift in Sources */,
				75D991531C8249BB008F2A70 /* EnemyAttackObstacle.swift in Sources */,
				99BA33BC1BF2A24300152764 /* EnemyMoveBasic.swift in Sources */,
				99BA33B41BF2A23C00152764 /* Bullet.swift in Sources */,
				4615CE441C113103005A4290 /* EndGameController.swift in Sources */,
			);
			runOnlyForDeploymentPostprocessing = 0;
		};
		99FD08471BE035D80070F4B8 /* Sources */ = {
			isa = PBXSourcesBuildPhase;
			buildActionMask = 2147483647;
			files = (
				99BA33D61BF5171700152764 /* UserModel.xcdatamodeld in Sources */,
				99FD08501BE035D80070F4B8 /* TowerDefenseUITests.swift in Sources */,
				75148D8C1CBE9280003087A9 /* BenchUITests.swift in Sources */,
			);
			runOnlyForDeploymentPostprocessing = 0;
		};
/* End PBXSourcesBuildPhase section */

/* Begin PBXTargetDependency section */
		99FD08421BE035D80070F4B8 /* PBXTargetDependency */ = {
			isa = PBXTargetDependency;
			target = 99FD08271BE035D80070F4B8 /* TowerDefense */;
			targetProxy = 99FD08411BE035D80070F4B8 /* PBXContainerItemProxy */;
		};
		99FD084D1BE035D80070F4B8 /* PBXTargetDependency */ = {
			isa = PBXTargetDependency;
			target = 99FD08271BE035D80070F4B8 /* TowerDefense */;
			targetProxy = 99FD084C1BE035D80070F4B8 /* PBXContainerItemProxy */;
		};
/* End PBXTargetDependency section */

/* Begin PBXVariantGroup section */
		99FD08381BE035D80070F4B8 /* LaunchScreen.storyboard */ = {
			isa = PBXVariantGroup;
			children = (
				99FD08391BE035D80070F4B8 /* Base */,
			);
			name = LaunchScreen.storyboard;
			sourceTree = "<group>";
		};
/* End PBXVariantGroup section */

/* Begin XCBuildConfiguration section */
		99FD08521BE035D90070F4B8 /* Debug */ = {
			isa = XCBuildConfiguration;
			buildSettings = {
				ALWAYS_SEARCH_USER_PATHS = NO;
				CLANG_CXX_LANGUAGE_STANDARD = "gnu++0x";
				CLANG_CXX_LIBRARY = "libc++";
				CLANG_ENABLE_MODULES = YES;
				CLANG_ENABLE_OBJC_ARC = YES;
				CLANG_WARN_BOOL_CONVERSION = YES;
				CLANG_WARN_CONSTANT_CONVERSION = YES;
				CLANG_WARN_DIRECT_OBJC_ISA_USAGE = YES_ERROR;
				CLANG_WARN_EMPTY_BODY = YES;
				CLANG_WARN_ENUM_CONVERSION = YES;
				CLANG_WARN_INT_CONVERSION = YES;
				CLANG_WARN_OBJC_ROOT_CLASS = YES_ERROR;
				CLANG_WARN_UNREACHABLE_CODE = YES;
				CLANG_WARN__DUPLICATE_METHOD_MATCH = YES;
				"CODE_SIGN_IDENTITY[sdk=iphoneos*]" = "iPhone Developer";
				COPY_PHASE_STRIP = NO;
				DEBUG_INFORMATION_FORMAT = "dwarf-with-dsym";
				ENABLE_STRICT_OBJC_MSGSEND = YES;
				ENABLE_TESTABILITY = YES;
				GCC_C_LANGUAGE_STANDARD = gnu99;
				GCC_DYNAMIC_NO_PIC = NO;
				GCC_NO_COMMON_BLOCKS = YES;
				GCC_OPTIMIZATION_LEVEL = 0;
				GCC_PREPROCESSOR_DEFINITIONS = (
					"DEBUG=1",
					"$(inherited)",
				);
				GCC_WARN_64_TO_32_BIT_CONVERSION = YES;
				GCC_WARN_ABOUT_RETURN_TYPE = YES_ERROR;
				GCC_WARN_UNDECLARED_SELECTOR = YES;
				GCC_WARN_UNINITIALIZED_AUTOS = YES_AGGRESSIVE;
				GCC_WARN_UNUSED_FUNCTION = YES;
				GCC_WARN_UNUSED_VARIABLE = YES;
				IPHONEOS_DEPLOYMENT_TARGET = 9.0;
				MTL_ENABLE_DEBUG_INFO = YES;
				ONLY_ACTIVE_ARCH = YES;
				SDKROOT = iphoneos;
				SWIFT_OPTIMIZATION_LEVEL = "-Onone";
				TARGETED_DEVICE_FAMILY = "1,2";
			};
			name = Debug;
		};
		99FD08531BE035D90070F4B8 /* Release */ = {
			isa = XCBuildConfiguration;
			buildSettings = {
				ALWAYS_SEARCH_USER_PATHS = NO;
				CLANG_CXX_LANGUAGE_STANDARD = "gnu++0x";
				CLANG_CXX_LIBRARY = "libc++";
				CLANG_ENABLE_MODULES = YES;
				CLANG_ENABLE_OBJC_ARC = YES;
				CLANG_WARN_BOOL_CONVERSION = YES;
				CLANG_WARN_CONSTANT_CONVERSION = YES;
				CLANG_WARN_DIRECT_OBJC_ISA_USAGE = YES_ERROR;
				CLANG_WARN_EMPTY_BODY = YES;
				CLANG_WARN_ENUM_CONVERSION = YES;
				CLANG_WARN_INT_CONVERSION = YES;
				CLANG_WARN_OBJC_ROOT_CLASS = YES_ERROR;
				CLANG_WARN_UNREACHABLE_CODE = YES;
				CLANG_WARN__DUPLICATE_METHOD_MATCH = YES;
				"CODE_SIGN_IDENTITY[sdk=iphoneos*]" = "iPhone Developer";
				COPY_PHASE_STRIP = NO;
				DEBUG_INFORMATION_FORMAT = "dwarf-with-dsym";
				ENABLE_NS_ASSERTIONS = NO;
				ENABLE_STRICT_OBJC_MSGSEND = YES;
				GCC_C_LANGUAGE_STANDARD = gnu99;
				GCC_NO_COMMON_BLOCKS = YES;
				GCC_WARN_64_TO_32_BIT_CONVERSION = YES;
				GCC_WARN_ABOUT_RETURN_TYPE = YES_ERROR;
				GCC_WARN_UNDECLARED_SELECTOR = YES;
				GCC_WARN_UNINITIALIZED_AUTOS = YES_AGGRESSIVE;
				GCC_WARN_UNUSED_FUNCTION = YES;
				GCC_WARN_UNUSED_VARIABLE = YES;
				IPHONEOS_DEPLOYMENT_TARGET = 9.0;
				MTL_ENABLE_DEBUG_INFO = NO;
				SDKROOT = iphoneos;
				TARGETED_DEVICE_FAMILY = "1,2";
				VALIDATE_PRODUCT = YES;
			};
			name = Release;
		};
		99FD08551BE035D90070F4B8 /* Debug */ = {
			isa = XCBuildConfiguration;
			buildSettings = {
				ASSETCATALOG_COMPILER_APPICON_NAME = AppIcon;
				CODE_SIGN_IDENTITY = "iPhone Developer";
				"CODE_SIGN_IDENTITY[sdk=iphoneos*]" = "iPhone Developer";
				EMBEDDED_CONTENT_CONTAINS_SWIFT = YES;
				FRAMEWORK_SEARCH_PATHS = (
					"$(inherited)",
					"$(PROJECT_DIR)",
					"$(PROJECT_DIR)/TowerDefense",
				);
				INFOPLIST_FILE = TowerDefense/Info.plist;
				IPHONEOS_DEPLOYMENT_TARGET = 9.0;
				LD_RUNPATH_SEARCH_PATHS = "$(inherited) @executable_path/Frameworks";
				OTHER_LDFLAGS = "";
				PRODUCT_BUNDLE_IDENTIFIER = com.gameDesign.TowerDefense;
				PRODUCT_NAME = "$(TARGET_NAME)";
				PROVISIONING_PROFILE = "";
				SWIFT_OBJC_BRIDGING_HEADER = "";
				USER_HEADER_SEARCH_PATHS = "../AudioKit/Audiokit/**";
			};
			name = Debug;
		};
		99FD08561BE035D90070F4B8 /* Release */ = {
			isa = XCBuildConfiguration;
			buildSettings = {
				ASSETCATALOG_COMPILER_APPICON_NAME = AppIcon;
				CODE_SIGN_IDENTITY = "iPhone Developer";
				"CODE_SIGN_IDENTITY[sdk=iphoneos*]" = "iPhone Developer";
				EMBEDDED_CONTENT_CONTAINS_SWIFT = YES;
				FRAMEWORK_SEARCH_PATHS = (
					"$(inherited)",
					"$(PROJECT_DIR)",
					"$(PROJECT_DIR)/TowerDefense",
				);
				INFOPLIST_FILE = TowerDefense/Info.plist;
				IPHONEOS_DEPLOYMENT_TARGET = 9.0;
				LD_RUNPATH_SEARCH_PATHS = "$(inherited) @executable_path/Frameworks";
				OTHER_LDFLAGS = "";
				PRODUCT_BUNDLE_IDENTIFIER = com.gameDesign.TowerDefense;
				PRODUCT_NAME = "$(TARGET_NAME)";
				PROVISIONING_PROFILE = "";
				SWIFT_OBJC_BRIDGING_HEADER = "";
				USER_HEADER_SEARCH_PATHS = "../AudioKit/Audiokit/**";
			};
			name = Release;
		};
		99FD08581BE035D90070F4B8 /* Debug */ = {
			isa = XCBuildConfiguration;
			buildSettings = {
				BUNDLE_LOADER = "$(TEST_HOST)";
				DEBUG_INFORMATION_FORMAT = dwarf;
				FRAMEWORK_SEARCH_PATHS = (
					"$(inherited)",
					"$(PROJECT_DIR)",
				);
				INFOPLIST_FILE = TowerDefenseTests/Info.plist;
				LD_RUNPATH_SEARCH_PATHS = "$(inherited) @executable_path/Frameworks @loader_path/Frameworks";
				PRODUCT_BUNDLE_IDENTIFIER = com.thesonicneighborhood.TowerDefenseTests;
				PRODUCT_NAME = "$(TARGET_NAME)";
				TEST_HOST = "$(BUILT_PRODUCTS_DIR)/TowerDefense.app/TowerDefense";
			};
			name = Debug;
		};
		99FD08591BE035D90070F4B8 /* Release */ = {
			isa = XCBuildConfiguration;
			buildSettings = {
				BUNDLE_LOADER = "$(TEST_HOST)";
				FRAMEWORK_SEARCH_PATHS = (
					"$(inherited)",
					"$(PROJECT_DIR)",
				);
				INFOPLIST_FILE = TowerDefenseTests/Info.plist;
				LD_RUNPATH_SEARCH_PATHS = "$(inherited) @executable_path/Frameworks @loader_path/Frameworks";
				PRODUCT_BUNDLE_IDENTIFIER = com.thesonicneighborhood.TowerDefenseTests;
				PRODUCT_NAME = "$(TARGET_NAME)";
				TEST_HOST = "$(BUILT_PRODUCTS_DIR)/TowerDefense.app/TowerDefense";
			};
			name = Release;
		};
		99FD085B1BE035D90070F4B8 /* Debug */ = {
			isa = XCBuildConfiguration;
			buildSettings = {
				DEBUG_INFORMATION_FORMAT = dwarf;
				INFOPLIST_FILE = TowerDefenseUITests/Info.plist;
				LD_RUNPATH_SEARCH_PATHS = "$(inherited) @executable_path/Frameworks @loader_path/Frameworks";
				PRODUCT_BUNDLE_IDENTIFIER = com.thesonicneighborhood.TowerDefenseUITests;
				PRODUCT_NAME = "$(TARGET_NAME)";
				TEST_TARGET_NAME = TowerDefense;
				USES_XCTRUNNER = YES;
			};
			name = Debug;
		};
		99FD085C1BE035D90070F4B8 /* Release */ = {
			isa = XCBuildConfiguration;
			buildSettings = {
				INFOPLIST_FILE = TowerDefenseUITests/Info.plist;
				LD_RUNPATH_SEARCH_PATHS = "$(inherited) @executable_path/Frameworks @loader_path/Frameworks";
				PRODUCT_BUNDLE_IDENTIFIER = com.thesonicneighborhood.TowerDefenseUITests;
				PRODUCT_NAME = "$(TARGET_NAME)";
				TEST_TARGET_NAME = TowerDefense;
				USES_XCTRUNNER = YES;
			};
			name = Release;
		};
/* End XCBuildConfiguration section */

/* Begin XCConfigurationList section */
		99FD08231BE035D80070F4B8 /* Build configuration list for PBXProject "TowerDefense" */ = {
			isa = XCConfigurationList;
			buildConfigurations = (
				99FD08521BE035D90070F4B8 /* Debug */,
				99FD08531BE035D90070F4B8 /* Release */,
			);
			defaultConfigurationIsVisible = 0;
			defaultConfigurationName = Release;
		};
		99FD08541BE035D90070F4B8 /* Build configuration list for PBXNativeTarget "TowerDefense" */ = {
			isa = XCConfigurationList;
			buildConfigurations = (
				99FD08551BE035D90070F4B8 /* Debug */,
				99FD08561BE035D90070F4B8 /* Release */,
			);
			defaultConfigurationIsVisible = 0;
			defaultConfigurationName = Release;
		};
		99FD08571BE035D90070F4B8 /* Build configuration list for PBXNativeTarget "TowerDefenseTests" */ = {
			isa = XCConfigurationList;
			buildConfigurations = (
				99FD08581BE035D90070F4B8 /* Debug */,
				99FD08591BE035D90070F4B8 /* Release */,
			);
			defaultConfigurationIsVisible = 0;
			defaultConfigurationName = Release;
		};
		99FD085A1BE035D90070F4B8 /* Build configuration list for PBXNativeTarget "TowerDefenseUITests" */ = {
			isa = XCConfigurationList;
			buildConfigurations = (
				99FD085B1BE035D90070F4B8 /* Debug */,
				99FD085C1BE035D90070F4B8 /* Release */,
			);
			defaultConfigurationIsVisible = 0;
			defaultConfigurationName = Release;
		};
/* End XCConfigurationList section */

/* Begin XCVersionGroup section */
		99BA33D21BF5171700152764 /* UserModel.xcdatamodeld */ = {
			isa = XCVersionGroup;
			children = (
				99BA33D31BF5171700152764 /* UserModel.xcdatamodel */,
			);
			currentVersion = 99BA33D31BF5171700152764 /* UserModel.xcdatamodel */;
			path = UserModel.xcdatamodeld;
			sourceTree = "<group>";
			versionGroupType = wrapper.xcdatamodel;
		};
/* End XCVersionGroup section */
	};
	rootObject = 99FD08201BE035D80070F4B8 /* Project object */;
}
